
Microsoft Visual Studio Solution File, Format Version 12.00
# Visual Studio Version 17
VisualStudioVersion = 17.3.32929.385
MinimumVisualStudioVersion = 10.0.40219.1
Project("{FAE04EC0-301F-11D3-BF4B-00C04F79EFBC}") = "Task1A", "Task.CSharpBase\Task1A.csproj", "{5D69E0ED-3F4F-40D8-8B5D-56981BE9EF7C}"
EndProject
Project("{2150E333-8FDC-42A3-9474-1A3956D46DE8}") = "Task1.CSharpBase", "Task1.CSharpBase", "{6DC6AC11-C00F-4CE5-8B9B-DE7FF88AC560}"
EndProject
Project("{FAE04EC0-301F-11D3-BF4B-00C04F79EFBC}") = "Task1B", "Task1B\Task1B.csproj", "{3378C4CB-0452-48CD-B06B-A9324D070E1E}"
EndProject
Project("{FAE04EC0-301F-11D3-BF4B-00C04F79EFBC}") = "Task2", "Task2\Task2.csproj", "{7D952038-83FC-4AEA-B2D2-A1AAD6CA60E8}"
EndProject
Project("{FAE04EC0-301F-11D3-BF4B-00C04F79EFBC}") = "Task3", "Task3\Task3.csproj", "{166FBE7B-9A49-4C22-8698-34FCAA882E4F}"
EndProject
Project("{FAE04EC0-301F-11D3-BF4B-00C04F79EFBC}") = "Task4", "Task4\Task4.csproj", "{53273074-CD46-4B8C-9D0D-AF80E6A8E974}"
EndProject
Project("{FAE04EC0-301F-11D3-BF4B-00C04F79EFBC}") = "Task5", "Task5\Task5.csproj", "{58DCE8A3-D770-45BC-97D5-0141C85C6BED}"
EndProject
Project("{FAE04EC0-301F-11D3-BF4B-00C04F79EFBC}") = "Task6", "Task6\Task6.csproj", "{11F3BAD4-4A60-43E6-9412-88482816F3E7}"
EndProject
Project("{FAE04EC0-301F-11D3-BF4B-00C04F79EFBC}") = "Task7", "Task7\Task7.csproj", "{37F9C140-513F-4733-9F4C-C126979592E0}"
EndProject
Project("{2150E333-8FDC-42A3-9474-1A3956D46DE8}") = "Practice1", "Practice1", "{8C1AC801-BEEF-409D-B2CD-36C51651B131}"
EndProject
Project("{2150E333-8FDC-42A3-9474-1A3956D46DE8}") = "Practice2", "Practice2", "{3ABFF667-5DE2-48F6-95CA-4567761F8B4F}"
EndProject
Project("{FAE04EC0-301F-11D3-BF4B-00C04F79EFBC}") = "Practice2.Task1", "Task1\Practice2.Task1.csproj", "{F1F472A4-28A3-4AF5-9D67-FE8C1D4C3D38}"
EndProject
Project("{FAE04EC0-301F-11D3-BF4B-00C04F79EFBC}") = "Practice2.Task2", "Practice2.Task2\Practice2.Task2.csproj", "{EE228A2E-F958-4AC8-82AB-AFC4FAB5A77B}"
EndProject
Project("{FAE04EC0-301F-11D3-BF4B-00C04F79EFBC}") = "Practice2.Task3", "Practice2.Task3\Practice2.Task3.csproj", "{1C5A5062-6EF7-40CA-A1D9-AC3C0D935B81}"
EndProject
Project("{FAE04EC0-301F-11D3-BF4B-00C04F79EFBC}") = "Practice2.Task4", "Practice2.Task4\Practice2.Task4.csproj", "{A6F8C101-3D58-4771-96E9-281E120725AC}"
EndProject
Project("{FAE04EC0-301F-11D3-BF4B-00C04F79EFBC}") = "Practice2.Task5", "Practice2.Task5\Practice2.Task5.csproj", "{6B6551C8-2325-41A1-8FDE-0FD9B6801B92}"
EndProject
Project("{FAE04EC0-301F-11D3-BF4B-00C04F79EFBC}") = "Practice2.Task6", "Practice2.Task6\Practice2.Task6.csproj", "{416F6501-5EE8-4B79-A4F0-7DB26EE325E9}"
EndProject
Project("{FAE04EC0-301F-11D3-BF4B-00C04F79EFBC}") = "Practice2.Task7", "Practice2.Task7\Practice2.Task7.csproj", "{C90C66CC-4D52-4AD0-AFB1-234A9E302E45}"
EndProject
Project("{FAE04EC0-301F-11D3-BF4B-00C04F79EFBC}") = "Practice2.Task8", "Practice2.Task8\Practice2.Task8.csproj", "{DAACB67E-D396-4882-906F-5E3739D8DD53}"
EndProject
Global
	GlobalSection(SolutionConfigurationPlatforms) = preSolution
		CheckIn|Any CPU = CheckIn|Any CPU
		Debug|Any CPU = Debug|Any CPU
		Release|Any CPU = Release|Any CPU
	EndGlobalSection
	GlobalSection(ProjectConfigurationPlatforms) = postSolution
		{5D69E0ED-3F4F-40D8-8B5D-56981BE9EF7C}.CheckIn|Any CPU.ActiveCfg = Debug|Any CPU
		{5D69E0ED-3F4F-40D8-8B5D-56981BE9EF7C}.CheckIn|Any CPU.Build.0 = Debug|Any CPU
		{5D69E0ED-3F4F-40D8-8B5D-56981BE9EF7C}.Debug|Any CPU.ActiveCfg = Debug|Any CPU
		{5D69E0ED-3F4F-40D8-8B5D-56981BE9EF7C}.Debug|Any CPU.Build.0 = Debug|Any CPU
		{5D69E0ED-3F4F-40D8-8B5D-56981BE9EF7C}.Release|Any CPU.ActiveCfg = Release|Any CPU
		{5D69E0ED-3F4F-40D8-8B5D-56981BE9EF7C}.Release|Any CPU.Build.0 = Release|Any CPU
		{3378C4CB-0452-48CD-B06B-A9324D070E1E}.CheckIn|Any CPU.ActiveCfg = CheckIn|Any CPU
		{3378C4CB-0452-48CD-B06B-A9324D070E1E}.CheckIn|Any CPU.Build.0 = CheckIn|Any CPU
		{3378C4CB-0452-48CD-B06B-A9324D070E1E}.Debug|Any CPU.ActiveCfg = Debug|Any CPU
		{3378C4CB-0452-48CD-B06B-A9324D070E1E}.Debug|Any CPU.Build.0 = Debug|Any CPU
		{3378C4CB-0452-48CD-B06B-A9324D070E1E}.Release|Any CPU.ActiveCfg = Release|Any CPU
		{3378C4CB-0452-48CD-B06B-A9324D070E1E}.Release|Any CPU.Build.0 = Release|Any CPU
		{7D952038-83FC-4AEA-B2D2-A1AAD6CA60E8}.CheckIn|Any CPU.ActiveCfg = Debug|Any CPU
		{7D952038-83FC-4AEA-B2D2-A1AAD6CA60E8}.CheckIn|Any CPU.Build.0 = Debug|Any CPU
		{7D952038-83FC-4AEA-B2D2-A1AAD6CA60E8}.Debug|Any CPU.ActiveCfg = Debug|Any CPU
		{7D952038-83FC-4AEA-B2D2-A1AAD6CA60E8}.Debug|Any CPU.Build.0 = Debug|Any CPU
		{7D952038-83FC-4AEA-B2D2-A1AAD6CA60E8}.Release|Any CPU.ActiveCfg = Release|Any CPU
		{7D952038-83FC-4AEA-B2D2-A1AAD6CA60E8}.Release|Any CPU.Build.0 = Release|Any CPU
		{166FBE7B-9A49-4C22-8698-34FCAA882E4F}.CheckIn|Any CPU.ActiveCfg = Debug|Any CPU
		{166FBE7B-9A49-4C22-8698-34FCAA882E4F}.CheckIn|Any CPU.Build.0 = Debug|Any CPU
		{166FBE7B-9A49-4C22-8698-34FCAA882E4F}.Debug|Any CPU.ActiveCfg = Debug|Any CPU
		{166FBE7B-9A49-4C22-8698-34FCAA882E4F}.Debug|Any CPU.Build.0 = Debug|Any CPU
		{166FBE7B-9A49-4C22-8698-34FCAA882E4F}.Release|Any CPU.ActiveCfg = Release|Any CPU
		{166FBE7B-9A49-4C22-8698-34FCAA882E4F}.Release|Any CPU.Build.0 = Release|Any CPU
		{53273074-CD46-4B8C-9D0D-AF80E6A8E974}.CheckIn|Any CPU.ActiveCfg = Debug|Any CPU
		{53273074-CD46-4B8C-9D0D-AF80E6A8E974}.CheckIn|Any CPU.Build.0 = Debug|Any CPU
		{53273074-CD46-4B8C-9D0D-AF80E6A8E974}.Debug|Any CPU.ActiveCfg = Debug|Any CPU
		{53273074-CD46-4B8C-9D0D-AF80E6A8E974}.Debug|Any CPU.Build.0 = Debug|Any CPU
		{53273074-CD46-4B8C-9D0D-AF80E6A8E974}.Release|Any CPU.ActiveCfg = Release|Any CPU
		{53273074-CD46-4B8C-9D0D-AF80E6A8E974}.Release|Any CPU.Build.0 = Release|Any CPU
		{58DCE8A3-D770-45BC-97D5-0141C85C6BED}.CheckIn|Any CPU.ActiveCfg = Debug|Any CPU
		{58DCE8A3-D770-45BC-97D5-0141C85C6BED}.CheckIn|Any CPU.Build.0 = Debug|Any CPU
		{58DCE8A3-D770-45BC-97D5-0141C85C6BED}.Debug|Any CPU.ActiveCfg = Debug|Any CPU
		{58DCE8A3-D770-45BC-97D5-0141C85C6BED}.Debug|Any CPU.Build.0 = Debug|Any CPU
		{58DCE8A3-D770-45BC-97D5-0141C85C6BED}.Release|Any CPU.ActiveCfg = Release|Any CPU
		{58DCE8A3-D770-45BC-97D5-0141C85C6BED}.Release|Any CPU.Build.0 = Release|Any CPU
		{11F3BAD4-4A60-43E6-9412-88482816F3E7}.CheckIn|Any CPU.ActiveCfg = Debug|Any CPU
		{11F3BAD4-4A60-43E6-9412-88482816F3E7}.CheckIn|Any CPU.Build.0 = Debug|Any CPU
		{11F3BAD4-4A60-43E6-9412-88482816F3E7}.Debug|Any CPU.ActiveCfg = Debug|Any CPU
		{11F3BAD4-4A60-43E6-9412-88482816F3E7}.Debug|Any CPU.Build.0 = Debug|Any CPU
		{11F3BAD4-4A60-43E6-9412-88482816F3E7}.Release|Any CPU.ActiveCfg = Release|Any CPU
		{11F3BAD4-4A60-43E6-9412-88482816F3E7}.Release|Any CPU.Build.0 = Release|Any CPU
		{37F9C140-513F-4733-9F4C-C126979592E0}.CheckIn|Any CPU.ActiveCfg = Debug|Any CPU
		{37F9C140-513F-4733-9F4C-C126979592E0}.CheckIn|Any CPU.Build.0 = Debug|Any CPU
		{37F9C140-513F-4733-9F4C-C126979592E0}.Debug|Any CPU.ActiveCfg = Debug|Any CPU
		{37F9C140-513F-4733-9F4C-C126979592E0}.Debug|Any CPU.Build.0 = Debug|Any CPU
		{37F9C140-513F-4733-9F4C-C126979592E0}.Release|Any CPU.ActiveCfg = Release|Any CPU
		{37F9C140-513F-4733-9F4C-C126979592E0}.Release|Any CPU.Build.0 = Release|Any CPU
		{F1F472A4-28A3-4AF5-9D67-FE8C1D4C3D38}.CheckIn|Any CPU.ActiveCfg = Debug|Any CPU
		{F1F472A4-28A3-4AF5-9D67-FE8C1D4C3D38}.CheckIn|Any CPU.Build.0 = Debug|Any CPU
		{F1F472A4-28A3-4AF5-9D67-FE8C1D4C3D38}.Debug|Any CPU.ActiveCfg = Debug|Any CPU
		{F1F472A4-28A3-4AF5-9D67-FE8C1D4C3D38}.Debug|Any CPU.Build.0 = Debug|Any CPU
		{F1F472A4-28A3-4AF5-9D67-FE8C1D4C3D38}.Release|Any CPU.ActiveCfg = Release|Any CPU
		{F1F472A4-28A3-4AF5-9D67-FE8C1D4C3D38}.Release|Any CPU.Build.0 = Release|Any CPU
		{EE228A2E-F958-4AC8-82AB-AFC4FAB5A77B}.CheckIn|Any CPU.ActiveCfg = Debug|Any CPU
		{EE228A2E-F958-4AC8-82AB-AFC4FAB5A77B}.CheckIn|Any CPU.Build.0 = Debug|Any CPU
		{EE228A2E-F958-4AC8-82AB-AFC4FAB5A77B}.Debug|Any CPU.ActiveCfg = Debug|Any CPU
		{EE228A2E-F958-4AC8-82AB-AFC4FAB5A77B}.Debug|Any CPU.Build.0 = Debug|Any CPU
		{EE228A2E-F958-4AC8-82AB-AFC4FAB5A77B}.Release|Any CPU.ActiveCfg = Release|Any CPU
		{EE228A2E-F958-4AC8-82AB-AFC4FAB5A77B}.Release|Any CPU.Build.0 = Release|Any CPU
		{1C5A5062-6EF7-40CA-A1D9-AC3C0D935B81}.CheckIn|Any CPU.ActiveCfg = Debug|Any CPU
		{1C5A5062-6EF7-40CA-A1D9-AC3C0D935B81}.CheckIn|Any CPU.Build.0 = Debug|Any CPU
		{1C5A5062-6EF7-40CA-A1D9-AC3C0D935B81}.Debug|Any CPU.ActiveCfg = Debug|Any CPU
		{1C5A5062-6EF7-40CA-A1D9-AC3C0D935B81}.Debug|Any CPU.Build.0 = Debug|Any CPU
		{1C5A5062-6EF7-40CA-A1D9-AC3C0D935B81}.Release|Any CPU.ActiveCfg = Release|Any CPU
		{1C5A5062-6EF7-40CA-A1D9-AC3C0D935B81}.Release|Any CPU.Build.0 = Release|Any CPU
		{A6F8C101-3D58-4771-96E9-281E120725AC}.CheckIn|Any CPU.ActiveCfg = Debug|Any CPU
		{A6F8C101-3D58-4771-96E9-281E120725AC}.CheckIn|Any CPU.Build.0 = Debug|Any CPU
		{A6F8C101-3D58-4771-96E9-281E120725AC}.Debug|Any CPU.ActiveCfg = Debug|Any CPU
		{A6F8C101-3D58-4771-96E9-281E120725AC}.Debug|Any CPU.Build.0 = Debug|Any CPU
		{A6F8C101-3D58-4771-96E9-281E120725AC}.Release|Any CPU.ActiveCfg = Release|Any CPU
		{A6F8C101-3D58-4771-96E9-281E120725AC}.Release|Any CPU.Build.0 = Release|Any CPU
		{6B6551C8-2325-41A1-8FDE-0FD9B6801B92}.CheckIn|Any CPU.ActiveCfg = Debug|Any CPU
		{6B6551C8-2325-41A1-8FDE-0FD9B6801B92}.CheckIn|Any CPU.Build.0 = Debug|Any CPU
		{6B6551C8-2325-41A1-8FDE-0FD9B6801B92}.Debug|Any CPU.ActiveCfg = Debug|Any CPU
		{6B6551C8-2325-41A1-8FDE-0FD9B6801B92}.Debug|Any CPU.Build.0 = Debug|Any CPU
		{6B6551C8-2325-41A1-8FDE-0FD9B6801B92}.Release|Any CPU.ActiveCfg = Release|Any CPU
		{6B6551C8-2325-41A1-8FDE-0FD9B6801B92}.Release|Any CPU.Build.0 = Release|Any CPU
		{416F6501-5EE8-4B79-A4F0-7DB26EE325E9}.CheckIn|Any CPU.ActiveCfg = Debug|Any CPU
		{416F6501-5EE8-4B79-A4F0-7DB26EE325E9}.CheckIn|Any CPU.Build.0 = Debug|Any CPU
		{416F6501-5EE8-4B79-A4F0-7DB26EE325E9}.Debug|Any CPU.ActiveCfg = Debug|Any CPU
		{416F6501-5EE8-4B79-A4F0-7DB26EE325E9}.Debug|Any CPU.Build.0 = Debug|Any CPU
		{416F6501-5EE8-4B79-A4F0-7DB26EE325E9}.Release|Any CPU.ActiveCfg = Release|Any CPU
		{416F6501-5EE8-4B79-A4F0-7DB26EE325E9}.Release|Any CPU.Build.0 = Release|Any CPU
		{C90C66CC-4D52-4AD0-AFB1-234A9E302E45}.CheckIn|Any CPU.ActiveCfg = Debug|Any CPU
		{C90C66CC-4D52-4AD0-AFB1-234A9E302E45}.CheckIn|Any CPU.Build.0 = Debug|Any CPU
		{C90C66CC-4D52-4AD0-AFB1-234A9E302E45}.Debug|Any CPU.ActiveCfg = Debug|Any CPU
		{C90C66CC-4D52-4AD0-AFB1-234A9E302E45}.Debug|Any CPU.Build.0 = Debug|Any CPU
		{C90C66CC-4D52-4AD0-AFB1-234A9E302E45}.Release|Any CPU.ActiveCfg = Release|Any CPU
		{C90C66CC-4D52-4AD0-AFB1-234A9E302E45}.Release|Any CPU.Build.0 = Release|Any CPU
		{DAACB67E-D396-4882-906F-5E3739D8DD53}.CheckIn|Any CPU.ActiveCfg = Debug|Any CPU
		{DAACB67E-D396-4882-906F-5E3739D8DD53}.CheckIn|Any CPU.Build.0 = Debug|Any CPU
		{DAACB67E-D396-4882-906F-5E3739D8DD53}.Debug|Any CPU.ActiveCfg = Debug|Any CPU
		{DAACB67E-D396-4882-906F-5E3739D8DD53}.Debug|Any CPU.Build.0 = Debug|Any CPU
		{DAACB67E-D396-4882-906F-5E3739D8DD53}.Release|Any CPU.ActiveCfg = Release|Any CPU
		{DAACB67E-D396-4882-906F-5E3739D8DD53}.Release|Any CPU.Build.0 = Release|Any CPU
	EndGlobalSection
	GlobalSection(SolutionProperties) = preSolution
		HideSolutionNode = FALSE
	EndGlobalSection
	GlobalSection(NestedProjects) = preSolution
		{5D69E0ED-3F4F-40D8-8B5D-56981BE9EF7C} = {6DC6AC11-C00F-4CE5-8B9B-DE7FF88AC560}
		{6DC6AC11-C00F-4CE5-8B9B-DE7FF88AC560} = {8C1AC801-BEEF-409D-B2CD-36C51651B131}
		{3378C4CB-0452-48CD-B06B-A9324D070E1E} = {6DC6AC11-C00F-4CE5-8B9B-DE7FF88AC560}
		{7D952038-83FC-4AEA-B2D2-A1AAD6CA60E8} = {8C1AC801-BEEF-409D-B2CD-36C51651B131}
		{166FBE7B-9A49-4C22-8698-34FCAA882E4F} = {8C1AC801-BEEF-409D-B2CD-36C51651B131}
		{53273074-CD46-4B8C-9D0D-AF80E6A8E974} = {8C1AC801-BEEF-409D-B2CD-36C51651B131}
		{58DCE8A3-D770-45BC-97D5-0141C85C6BED} = {8C1AC801-BEEF-409D-B2CD-36C51651B131}
		{11F3BAD4-4A60-43E6-9412-88482816F3E7} = {8C1AC801-BEEF-409D-B2CD-36C51651B131}
		{37F9C140-513F-4733-9F4C-C126979592E0} = {8C1AC801-BEEF-409D-B2CD-36C51651B131}
		{F1F472A4-28A3-4AF5-9D67-FE8C1D4C3D38} = {3ABFF667-5DE2-48F6-95CA-4567761F8B4F}
		{EE228A2E-F958-4AC8-82AB-AFC4FAB5A77B} = {3ABFF667-5DE2-48F6-95CA-4567761F8B4F}
		{1C5A5062-6EF7-40CA-A1D9-AC3C0D935B81} = {3ABFF667-5DE2-48F6-95CA-4567761F8B4F}
		{A6F8C101-3D58-4771-96E9-281E120725AC} = {3ABFF667-5DE2-48F6-95CA-4567761F8B4F}
		{6B6551C8-2325-41A1-8FDE-0FD9B6801B92} = {3ABFF667-5DE2-48F6-95CA-4567761F8B4F}
		{416F6501-5EE8-4B79-A4F0-7DB26EE325E9} = {3ABFF667-5DE2-48F6-95CA-4567761F8B4F}
		{C90C66CC-4D52-4AD0-AFB1-234A9E302E45} = {3ABFF667-5DE2-48F6-95CA-4567761F8B4F}
		{DAACB67E-D396-4882-906F-5E3739D8DD53} = {3ABFF667-5DE2-48F6-95CA-4567761F8B4F}
	EndGlobalSection
	GlobalSection(ExtensibilityGlobals) = postSolution
		SolutionGuid = {2DA54F17-3234-48CF-8920-16381629C1B3}
	EndGlobalSection
EndGlobal
