
Microsoft Visual Studio Solution File, Format Version 12.00
# Visual Studio Version 17
VisualStudioVersion = 17.3.32929.385
MinimumVisualStudioVersion = 10.0.40219.1
Project("{FAE04EC0-301F-11D3-BF4B-00C04F79EFBC}") = "Task1A", "Practice1\Task.CSharpBase\Task1A.csproj", "{5D69E0ED-3F4F-40D8-8B5D-56981BE9EF7C}"
EndProject
Project("{2150E333-8FDC-42A3-9474-1A3956D46DE8}") = "Task1.CSharpBase", "Task1.CSharpBase", "{6DC6AC11-C00F-4CE5-8B9B-DE7FF88AC560}"
EndProject
Project("{FAE04EC0-301F-11D3-BF4B-00C04F79EFBC}") = "Task1B", "Practice1\Task1B\Task1B.csproj", "{3378C4CB-0452-48CD-B06B-A9324D070E1E}"
EndProject
Project("{FAE04EC0-301F-11D3-BF4B-00C04F79EFBC}") = "Task2", "Practice1\Task2\Task2.csproj", "{7D952038-83FC-4AEA-B2D2-A1AAD6CA60E8}"
EndProject
Project("{FAE04EC0-301F-11D3-BF4B-00C04F79EFBC}") = "Task3", "Practice1\Task3\Task3.csproj", "{166FBE7B-9A49-4C22-8698-34FCAA882E4F}"
EndProject
Project("{FAE04EC0-301F-11D3-BF4B-00C04F79EFBC}") = "Task4", "Practice1\Task4\Task4.csproj", "{53273074-CD46-4B8C-9D0D-AF80E6A8E974}"
EndProject
Project("{FAE04EC0-301F-11D3-BF4B-00C04F79EFBC}") = "Task5", "Practice1\Task5\Task5.csproj", "{58DCE8A3-D770-45BC-97D5-0141C85C6BED}"
EndProject
Project("{FAE04EC0-301F-11D3-BF4B-00C04F79EFBC}") = "Task6", "Practice1\Task6\Task6.csproj", "{11F3BAD4-4A60-43E6-9412-88482816F3E7}"
EndProject
Project("{FAE04EC0-301F-11D3-BF4B-00C04F79EFBC}") = "Task7", "Practice1\Task7\Task7.csproj", "{37F9C140-513F-4733-9F4C-C126979592E0}"
EndProject
Project("{2150E333-8FDC-42A3-9474-1A3956D46DE8}") = "Practice1", "Practice1", "{8C1AC801-BEEF-409D-B2CD-36C51651B131}"
EndProject
Project("{2150E333-8FDC-42A3-9474-1A3956D46DE8}") = "Practice2", "Practice2", "{3ABFF667-5DE2-48F6-95CA-4567761F8B4F}"
EndProject
Project("{FAE04EC0-301F-11D3-BF4B-00C04F79EFBC}") = "Practice2.Task1", "Practice2\Task1\Practice2.Task1.csproj", "{F1F472A4-28A3-4AF5-9D67-FE8C1D4C3D38}"
EndProject
Project("{FAE04EC0-301F-11D3-BF4B-00C04F79EFBC}") = "Practice2.Task2", "Practice2\Practice2.Task2\Practice2.Task2.csproj", "{EE228A2E-F958-4AC8-82AB-AFC4FAB5A77B}"
EndProject
Project("{FAE04EC0-301F-11D3-BF4B-00C04F79EFBC}") = "Practice2.Task3", "Practice2\Practice2.Task3\Practice2.Task3.csproj", "{1C5A5062-6EF7-40CA-A1D9-AC3C0D935B81}"
EndProject
Project("{FAE04EC0-301F-11D3-BF4B-00C04F79EFBC}") = "Practice2.Task4", "Practice2\Practice2.Task4\Practice2.Task4.csproj", "{A6F8C101-3D58-4771-96E9-281E120725AC}"
EndProject
Project("{FAE04EC0-301F-11D3-BF4B-00C04F79EFBC}") = "Practice2.Task5", "Practice2\Practice2.Task5\Practice2.Task5.csproj", "{6B6551C8-2325-41A1-8FDE-0FD9B6801B92}"
EndProject
Project("{FAE04EC0-301F-11D3-BF4B-00C04F79EFBC}") = "Practice2.Task6", "Practice2\Practice2.Task6\Practice2.Task6.csproj", "{416F6501-5EE8-4B79-A4F0-7DB26EE325E9}"
EndProject
Project("{FAE04EC0-301F-11D3-BF4B-00C04F79EFBC}") = "Practice2.Task7", "Practice2\Practice2.Task7\Practice2.Task7.csproj", "{C90C66CC-4D52-4AD0-AFB1-234A9E302E45}"
EndProject
Project("{FAE04EC0-301F-11D3-BF4B-00C04F79EFBC}") = "Practice2.Task8", "Practice2\Practice2.Task8\Practice2.Task8.csproj", "{DAACB67E-D396-4882-906F-5E3739D8DD53}"
EndProject
Project("{FAE04EC0-301F-11D3-BF4B-00C04F79EFBC}") = "Practice2.Task9", "Practice2\Task9\Practice2.Task9.csproj", "{27786CC3-C5C4-454F-B8A4-C6ECDCF033B5}"
EndProject
Project("{FAE04EC0-301F-11D3-BF4B-00C04F79EFBC}") = "Practice2.Task10", "Practice2\Practice2.Task10\Practice2.Task10.csproj", "{D355DDAC-D3D5-4FD2-8D72-C00385ED5A87}"
EndProject
Project("{FAE04EC0-301F-11D3-BF4B-00C04F79EFBC}") = "Practice2.Task11", "Practice2\Practice2.Task11\Practice2.Task11.csproj", "{7F580C8E-3753-4180-B695-ABA4E151E4D9}"
EndProject
Project("{FAE04EC0-301F-11D3-BF4B-00C04F79EFBC}") = "Practice2.Task12", "Practice2\Practice2.Task12\Practice2.Task12.csproj", "{76D83FB0-9962-4C9A-A899-F0DA267267C8}"
EndProject
Project("{FAE04EC0-301F-11D3-BF4B-00C04F79EFBC}") = "Practice2.Task13", "Practice2\Practice2.Task13\Practice2.Task13.csproj", "{D06EADB7-71A4-489A-95D1-01B22B771B22}"
EndProject
Project("{FAE04EC0-301F-11D3-BF4B-00C04F79EFBC}") = "Practice2.Task14", "Practice2\Practice2.Task14\Practice2.Task14.csproj", "{D8EF23C6-AEDE-46EC-9E86-D7D109453008}"
EndProject
Project("{FAE04EC0-301F-11D3-BF4B-00C04F79EFBC}") = "Practice2.Task15", "Practice2\Practice2.Task15\Practice2.Task15.csproj", "{8026A33F-61FB-4B60-A274-FC29713AB78E}"
EndProject
Project("{FAE04EC0-301F-11D3-BF4B-00C04F79EFBC}") = "Practice2.Task16", "Practice2\Practice2.Task16\Practice2.Task16.csproj", "{B69E5290-AD72-44AE-AE21-8ABAE1318404}"
EndProject
Project("{FAE04EC0-301F-11D3-BF4B-00C04F79EFBC}") = "Practice2.Task17", "Practice2\Practice2.Task17\Practice2.Task17.csproj", "{7A6C19E6-00B0-4D0F-90B3-6819BDB61855}"
EndProject
Project("{FAE04EC0-301F-11D3-BF4B-00C04F79EFBC}") = "Practice2.Task18", "Practice2\Practice2.Task18\Practice2.Task18.csproj", "{57A95B15-FD43-4125-B63F-E18D63148DE5}"
EndProject
Project("{FAE04EC0-301F-11D3-BF4B-00C04F79EFBC}") = "Practice2.Task19", "Practice2\Practice2.Task19\Practice2.Task19.csproj", "{A473773B-AE16-4AF1-A9CC-736E51D35DA2}"
EndProject
Project("{FAE04EC0-301F-11D3-BF4B-00C04F79EFBC}") = "Practice2.Task20", "Practice2\Practice2.Task20\Practice2.Task20.csproj", "{F840850D-C607-4527-8401-D8FEFC4C706B}"
EndProject
Project("{FAE04EC0-301F-11D3-BF4B-00C04F79EFBC}") = "Practice2.Task21", "Practice2\Practice2.Task21\Practice2.Task21.csproj", "{00820761-BCB1-4011-B8E3-22398881D4C3}"
EndProject
Project("{FAE04EC0-301F-11D3-BF4B-00C04F79EFBC}") = "Practice2.Task22", "Practice2\Practice2.Task22\Practice2.Task22.csproj", "{B4436396-B97B-4FA9-A992-077EDF84C8F6}"
EndProject
Project("{FAE04EC0-301F-11D3-BF4B-00C04F79EFBC}") = "Practice2.Task23", "Practice2\Practice2.Task23\Practice2.Task23.csproj", "{F56AACF8-8BF7-42B5-9923-8B0895CBFD3A}"
EndProject
Project("{FAE04EC0-301F-11D3-BF4B-00C04F79EFBC}") = "Practice2.Task24", "Practice2\Practice2.Task24\Practice2.Task24.csproj", "{4837D459-840A-45C1-8DEA-CB1C54E1C94E}"
EndProject
Project("{FAE04EC0-301F-11D3-BF4B-00C04F79EFBC}") = "Practice2.Task25", "Practice2\Practice2.Task25\Practice2.Task25.csproj", "{BB1829FA-CE03-4850-B09F-C39668CCDCDF}"
EndProject
Project("{2150E333-8FDC-42A3-9474-1A3956D46DE8}") = "Practice3", "Practice3", "{E5B10A4E-4AF3-4C7C-902E-748A856C4FA0}"
EndProject
Project("{FAE04EC0-301F-11D3-BF4B-00C04F79EFBC}") = "Practice3.Task1", "Practice3\Practice3.Task1\Practice3.Task1.csproj", "{B7B5FC64-AB99-4FFA-B297-E32046FCEF08}"
EndProject
Project("{FAE04EC0-301F-11D3-BF4B-00C04F79EFBC}") = "Practice3.Task2", "Practice3\Practice3.Task2\Practice3.Task2.csproj", "{B72DBD63-D4CB-4DDA-B5F8-3D2B5A7E7BC5}"
EndProject
Project("{FAE04EC0-301F-11D3-BF4B-00C04F79EFBC}") = "Practice3.Task3", "Practice3\Practice3.Task3\Practice3.Task3.csproj", "{D77D457B-34EF-4472-BDC2-DD50CC48BC96}"
EndProject
Project("{FAE04EC0-301F-11D3-BF4B-00C04F79EFBC}") = "Practice3.Task4", "Practice3\Practice3.Task4\Practice3.Task4.csproj", "{7EBD5467-E1CB-47D5-9DB4-083FE65672E1}"
EndProject
Project("{FAE04EC0-301F-11D3-BF4B-00C04F79EFBC}") = "Practice3.Task5", "Practice3\Practice3.Task5\Practice3.Task5.csproj", "{098DF6A6-A560-4296-AAC0-2259C932F6E4}"
EndProject
Project("{FAE04EC0-301F-11D3-BF4B-00C04F79EFBC}") = "Practice3.Task6", "Practice3\Practice3.Task6\Practice3.Task6.csproj", "{EF38DF94-2255-4E20-B17C-824C2D43EDF4}"
EndProject
Project("{FAE04EC0-301F-11D3-BF4B-00C04F79EFBC}") = "Practice3.Task7", "Practice3\Practice3.Task7\Practice3.Task7.csproj", "{010D0149-C6EA-46C8-BCC5-DA6701236C51}"
EndProject
Project("{FAE04EC0-301F-11D3-BF4B-00C04F79EFBC}") = "Practice3.Task8", "Practice3\Practice3.Task8\Practice3.Task8.csproj", "{8C362B16-E124-4413-8971-5CD9F0639559}"
EndProject
Project("{FAE04EC0-301F-11D3-BF4B-00C04F79EFBC}") = "Practice3.Task9", "Practice3\Practice3.Task9\Practice3.Task9.csproj", "{A3EF23C7-F491-4F10-A0D4-5B4166982200}"
EndProject
Project("{FAE04EC0-301F-11D3-BF4B-00C04F79EFBC}") = "Practice3.Task10", "Practice3\Practice3.Task10\Practice3.Task10.csproj", "{35C1B2D9-DC4A-4B88-95F9-248A66D7822E}"
EndProject
Project("{FAE04EC0-301F-11D3-BF4B-00C04F79EFBC}") = "Practice3.Task11", "Practice3\Practice3.Task11\Practice3.Task11.csproj", "{ED779645-6F11-46DF-9F73-A2C010E91757}"
EndProject
Project("{2150E333-8FDC-42A3-9474-1A3956D46DE8}") = "Practice4", "Practice4", "{55F76A07-9E5F-49CC-B717-6C1B1A931A8F}"
EndProject
Project("{FAE04EC0-301F-11D3-BF4B-00C04F79EFBC}") = "Practice4.Task2", "Practice4\Practice4.Task2\Practice4.Task2.csproj", "{675F9F8B-B9B7-4355-8C6D-0E830D9ED1F0}"
EndProject
Project("{FAE04EC0-301F-11D3-BF4B-00C04F79EFBC}") = "Practice4.Task1", "Practice4\Practice4.TAsk1\Practice4.Task1.csproj", "{751B58DA-9048-464A-A3A6-9EF8F339E7FE}"
EndProject
Project("{FAE04EC0-301F-11D3-BF4B-00C04F79EFBC}") = "Practice4.Task3", "Practice4\Practice4.Task3\Practice4.Task3.csproj", "{89FCAB04-5E68-48A4-9C3E-CA93B747FDB7}"
EndProject
Project("{FAE04EC0-301F-11D3-BF4B-00C04F79EFBC}") = "Practice4.Task3A", "Practice4\Practice4.Task3A\Practice4.Task3A.csproj", "{B4B7A79F-ACD8-48AF-ACE6-B534EFD3A660}"
EndProject
Project("{2150E333-8FDC-42A3-9474-1A3956D46DE8}") = "Practice5", "Practice5", "{76403FED-D7B0-4851-82F9-35127FB4B186}"
EndProject
Project("{FAE04EC0-301F-11D3-BF4B-00C04F79EFBC}") = "Practice5.Task1", "Practice5\Task1\Practice5.Task1.csproj", "{D87C1138-BC69-41DB-91EF-38105E4BBCED}"
EndProject
Project("{FAE04EC0-301F-11D3-BF4B-00C04F79EFBC}") = "Practice5.Task2", "Practice5\Practice5.Task2\Practice5.Task2.csproj", "{73C0EB11-3BFF-445C-A26E-43B6310ACB2F}"
EndProject
Project("{FAE04EC0-301F-11D3-BF4B-00C04F79EFBC}") = "Practice5.Task3", "Practice5\Practice5.Task3\Practice5.Task3.csproj", "{E77E0F14-71C5-4989-9136-5B6045A5188F}"
EndProject
Global
	GlobalSection(SolutionConfigurationPlatforms) = preSolution
		CheckIn|Any CPU = CheckIn|Any CPU
		Debug|Any CPU = Debug|Any CPU
		Release|Any CPU = Release|Any CPU
	EndGlobalSection
	GlobalSection(ProjectConfigurationPlatforms) = postSolution
		{5D69E0ED-3F4F-40D8-8B5D-56981BE9EF7C}.CheckIn|Any CPU.ActiveCfg = Debug|Any CPU
		{5D69E0ED-3F4F-40D8-8B5D-56981BE9EF7C}.CheckIn|Any CPU.Build.0 = Debug|Any CPU
		{5D69E0ED-3F4F-40D8-8B5D-56981BE9EF7C}.Debug|Any CPU.ActiveCfg = Debug|Any CPU
		{5D69E0ED-3F4F-40D8-8B5D-56981BE9EF7C}.Debug|Any CPU.Build.0 = Debug|Any CPU
		{5D69E0ED-3F4F-40D8-8B5D-56981BE9EF7C}.Release|Any CPU.ActiveCfg = Release|Any CPU
		{5D69E0ED-3F4F-40D8-8B5D-56981BE9EF7C}.Release|Any CPU.Build.0 = Release|Any CPU
		{3378C4CB-0452-48CD-B06B-A9324D070E1E}.CheckIn|Any CPU.ActiveCfg = CheckIn|Any CPU
		{3378C4CB-0452-48CD-B06B-A9324D070E1E}.CheckIn|Any CPU.Build.0 = CheckIn|Any CPU
		{3378C4CB-0452-48CD-B06B-A9324D070E1E}.Debug|Any CPU.ActiveCfg = Debug|Any CPU
		{3378C4CB-0452-48CD-B06B-A9324D070E1E}.Debug|Any CPU.Build.0 = Debug|Any CPU
		{3378C4CB-0452-48CD-B06B-A9324D070E1E}.Release|Any CPU.ActiveCfg = Release|Any CPU
		{3378C4CB-0452-48CD-B06B-A9324D070E1E}.Release|Any CPU.Build.0 = Release|Any CPU
		{7D952038-83FC-4AEA-B2D2-A1AAD6CA60E8}.CheckIn|Any CPU.ActiveCfg = Debug|Any CPU
		{7D952038-83FC-4AEA-B2D2-A1AAD6CA60E8}.CheckIn|Any CPU.Build.0 = Debug|Any CPU
		{7D952038-83FC-4AEA-B2D2-A1AAD6CA60E8}.Debug|Any CPU.ActiveCfg = Debug|Any CPU
		{7D952038-83FC-4AEA-B2D2-A1AAD6CA60E8}.Debug|Any CPU.Build.0 = Debug|Any CPU
		{7D952038-83FC-4AEA-B2D2-A1AAD6CA60E8}.Release|Any CPU.ActiveCfg = Release|Any CPU
		{7D952038-83FC-4AEA-B2D2-A1AAD6CA60E8}.Release|Any CPU.Build.0 = Release|Any CPU
		{166FBE7B-9A49-4C22-8698-34FCAA882E4F}.CheckIn|Any CPU.ActiveCfg = Debug|Any CPU
		{166FBE7B-9A49-4C22-8698-34FCAA882E4F}.CheckIn|Any CPU.Build.0 = Debug|Any CPU
		{166FBE7B-9A49-4C22-8698-34FCAA882E4F}.Debug|Any CPU.ActiveCfg = Debug|Any CPU
		{166FBE7B-9A49-4C22-8698-34FCAA882E4F}.Debug|Any CPU.Build.0 = Debug|Any CPU
		{166FBE7B-9A49-4C22-8698-34FCAA882E4F}.Release|Any CPU.ActiveCfg = Release|Any CPU
		{166FBE7B-9A49-4C22-8698-34FCAA882E4F}.Release|Any CPU.Build.0 = Release|Any CPU
		{53273074-CD46-4B8C-9D0D-AF80E6A8E974}.CheckIn|Any CPU.ActiveCfg = Debug|Any CPU
		{53273074-CD46-4B8C-9D0D-AF80E6A8E974}.CheckIn|Any CPU.Build.0 = Debug|Any CPU
		{53273074-CD46-4B8C-9D0D-AF80E6A8E974}.Debug|Any CPU.ActiveCfg = Debug|Any CPU
		{53273074-CD46-4B8C-9D0D-AF80E6A8E974}.Debug|Any CPU.Build.0 = Debug|Any CPU
		{53273074-CD46-4B8C-9D0D-AF80E6A8E974}.Release|Any CPU.ActiveCfg = Release|Any CPU
		{53273074-CD46-4B8C-9D0D-AF80E6A8E974}.Release|Any CPU.Build.0 = Release|Any CPU
		{58DCE8A3-D770-45BC-97D5-0141C85C6BED}.CheckIn|Any CPU.ActiveCfg = Debug|Any CPU
		{58DCE8A3-D770-45BC-97D5-0141C85C6BED}.CheckIn|Any CPU.Build.0 = Debug|Any CPU
		{58DCE8A3-D770-45BC-97D5-0141C85C6BED}.Debug|Any CPU.ActiveCfg = Debug|Any CPU
		{58DCE8A3-D770-45BC-97D5-0141C85C6BED}.Debug|Any CPU.Build.0 = Debug|Any CPU
		{58DCE8A3-D770-45BC-97D5-0141C85C6BED}.Release|Any CPU.ActiveCfg = Release|Any CPU
		{58DCE8A3-D770-45BC-97D5-0141C85C6BED}.Release|Any CPU.Build.0 = Release|Any CPU
		{11F3BAD4-4A60-43E6-9412-88482816F3E7}.CheckIn|Any CPU.ActiveCfg = Debug|Any CPU
		{11F3BAD4-4A60-43E6-9412-88482816F3E7}.CheckIn|Any CPU.Build.0 = Debug|Any CPU
		{11F3BAD4-4A60-43E6-9412-88482816F3E7}.Debug|Any CPU.ActiveCfg = Debug|Any CPU
		{11F3BAD4-4A60-43E6-9412-88482816F3E7}.Debug|Any CPU.Build.0 = Debug|Any CPU
		{11F3BAD4-4A60-43E6-9412-88482816F3E7}.Release|Any CPU.ActiveCfg = Release|Any CPU
		{11F3BAD4-4A60-43E6-9412-88482816F3E7}.Release|Any CPU.Build.0 = Release|Any CPU
		{37F9C140-513F-4733-9F4C-C126979592E0}.CheckIn|Any CPU.ActiveCfg = Debug|Any CPU
		{37F9C140-513F-4733-9F4C-C126979592E0}.CheckIn|Any CPU.Build.0 = Debug|Any CPU
		{37F9C140-513F-4733-9F4C-C126979592E0}.Debug|Any CPU.ActiveCfg = Debug|Any CPU
		{37F9C140-513F-4733-9F4C-C126979592E0}.Debug|Any CPU.Build.0 = Debug|Any CPU
		{37F9C140-513F-4733-9F4C-C126979592E0}.Release|Any CPU.ActiveCfg = Release|Any CPU
		{37F9C140-513F-4733-9F4C-C126979592E0}.Release|Any CPU.Build.0 = Release|Any CPU
		{F1F472A4-28A3-4AF5-9D67-FE8C1D4C3D38}.CheckIn|Any CPU.ActiveCfg = Debug|Any CPU
		{F1F472A4-28A3-4AF5-9D67-FE8C1D4C3D38}.CheckIn|Any CPU.Build.0 = Debug|Any CPU
		{F1F472A4-28A3-4AF5-9D67-FE8C1D4C3D38}.Debug|Any CPU.ActiveCfg = Debug|Any CPU
		{F1F472A4-28A3-4AF5-9D67-FE8C1D4C3D38}.Debug|Any CPU.Build.0 = Debug|Any CPU
		{F1F472A4-28A3-4AF5-9D67-FE8C1D4C3D38}.Release|Any CPU.ActiveCfg = Release|Any CPU
		{F1F472A4-28A3-4AF5-9D67-FE8C1D4C3D38}.Release|Any CPU.Build.0 = Release|Any CPU
		{EE228A2E-F958-4AC8-82AB-AFC4FAB5A77B}.CheckIn|Any CPU.ActiveCfg = Debug|Any CPU
		{EE228A2E-F958-4AC8-82AB-AFC4FAB5A77B}.CheckIn|Any CPU.Build.0 = Debug|Any CPU
		{EE228A2E-F958-4AC8-82AB-AFC4FAB5A77B}.Debug|Any CPU.ActiveCfg = Debug|Any CPU
		{EE228A2E-F958-4AC8-82AB-AFC4FAB5A77B}.Debug|Any CPU.Build.0 = Debug|Any CPU
		{EE228A2E-F958-4AC8-82AB-AFC4FAB5A77B}.Release|Any CPU.ActiveCfg = Release|Any CPU
		{EE228A2E-F958-4AC8-82AB-AFC4FAB5A77B}.Release|Any CPU.Build.0 = Release|Any CPU
		{1C5A5062-6EF7-40CA-A1D9-AC3C0D935B81}.CheckIn|Any CPU.ActiveCfg = Debug|Any CPU
		{1C5A5062-6EF7-40CA-A1D9-AC3C0D935B81}.CheckIn|Any CPU.Build.0 = Debug|Any CPU
		{1C5A5062-6EF7-40CA-A1D9-AC3C0D935B81}.Debug|Any CPU.ActiveCfg = Debug|Any CPU
		{1C5A5062-6EF7-40CA-A1D9-AC3C0D935B81}.Debug|Any CPU.Build.0 = Debug|Any CPU
		{1C5A5062-6EF7-40CA-A1D9-AC3C0D935B81}.Release|Any CPU.ActiveCfg = Release|Any CPU
		{1C5A5062-6EF7-40CA-A1D9-AC3C0D935B81}.Release|Any CPU.Build.0 = Release|Any CPU
		{A6F8C101-3D58-4771-96E9-281E120725AC}.CheckIn|Any CPU.ActiveCfg = Debug|Any CPU
		{A6F8C101-3D58-4771-96E9-281E120725AC}.CheckIn|Any CPU.Build.0 = Debug|Any CPU
		{A6F8C101-3D58-4771-96E9-281E120725AC}.Debug|Any CPU.ActiveCfg = Debug|Any CPU
		{A6F8C101-3D58-4771-96E9-281E120725AC}.Debug|Any CPU.Build.0 = Debug|Any CPU
		{A6F8C101-3D58-4771-96E9-281E120725AC}.Release|Any CPU.ActiveCfg = Release|Any CPU
		{A6F8C101-3D58-4771-96E9-281E120725AC}.Release|Any CPU.Build.0 = Release|Any CPU
		{6B6551C8-2325-41A1-8FDE-0FD9B6801B92}.CheckIn|Any CPU.ActiveCfg = Debug|Any CPU
		{6B6551C8-2325-41A1-8FDE-0FD9B6801B92}.CheckIn|Any CPU.Build.0 = Debug|Any CPU
		{6B6551C8-2325-41A1-8FDE-0FD9B6801B92}.Debug|Any CPU.ActiveCfg = Debug|Any CPU
		{6B6551C8-2325-41A1-8FDE-0FD9B6801B92}.Debug|Any CPU.Build.0 = Debug|Any CPU
		{6B6551C8-2325-41A1-8FDE-0FD9B6801B92}.Release|Any CPU.ActiveCfg = Release|Any CPU
		{6B6551C8-2325-41A1-8FDE-0FD9B6801B92}.Release|Any CPU.Build.0 = Release|Any CPU
		{416F6501-5EE8-4B79-A4F0-7DB26EE325E9}.CheckIn|Any CPU.ActiveCfg = Debug|Any CPU
		{416F6501-5EE8-4B79-A4F0-7DB26EE325E9}.CheckIn|Any CPU.Build.0 = Debug|Any CPU
		{416F6501-5EE8-4B79-A4F0-7DB26EE325E9}.Debug|Any CPU.ActiveCfg = Debug|Any CPU
		{416F6501-5EE8-4B79-A4F0-7DB26EE325E9}.Debug|Any CPU.Build.0 = Debug|Any CPU
		{416F6501-5EE8-4B79-A4F0-7DB26EE325E9}.Release|Any CPU.ActiveCfg = Release|Any CPU
		{416F6501-5EE8-4B79-A4F0-7DB26EE325E9}.Release|Any CPU.Build.0 = Release|Any CPU
		{C90C66CC-4D52-4AD0-AFB1-234A9E302E45}.CheckIn|Any CPU.ActiveCfg = Debug|Any CPU
		{C90C66CC-4D52-4AD0-AFB1-234A9E302E45}.CheckIn|Any CPU.Build.0 = Debug|Any CPU
		{C90C66CC-4D52-4AD0-AFB1-234A9E302E45}.Debug|Any CPU.ActiveCfg = Debug|Any CPU
		{C90C66CC-4D52-4AD0-AFB1-234A9E302E45}.Debug|Any CPU.Build.0 = Debug|Any CPU
		{C90C66CC-4D52-4AD0-AFB1-234A9E302E45}.Release|Any CPU.ActiveCfg = Release|Any CPU
		{C90C66CC-4D52-4AD0-AFB1-234A9E302E45}.Release|Any CPU.Build.0 = Release|Any CPU
		{DAACB67E-D396-4882-906F-5E3739D8DD53}.CheckIn|Any CPU.ActiveCfg = Debug|Any CPU
		{DAACB67E-D396-4882-906F-5E3739D8DD53}.CheckIn|Any CPU.Build.0 = Debug|Any CPU
		{DAACB67E-D396-4882-906F-5E3739D8DD53}.Debug|Any CPU.ActiveCfg = Debug|Any CPU
		{DAACB67E-D396-4882-906F-5E3739D8DD53}.Debug|Any CPU.Build.0 = Debug|Any CPU
		{DAACB67E-D396-4882-906F-5E3739D8DD53}.Release|Any CPU.ActiveCfg = Release|Any CPU
		{DAACB67E-D396-4882-906F-5E3739D8DD53}.Release|Any CPU.Build.0 = Release|Any CPU
		{27786CC3-C5C4-454F-B8A4-C6ECDCF033B5}.CheckIn|Any CPU.ActiveCfg = Debug|Any CPU
		{27786CC3-C5C4-454F-B8A4-C6ECDCF033B5}.CheckIn|Any CPU.Build.0 = Debug|Any CPU
		{27786CC3-C5C4-454F-B8A4-C6ECDCF033B5}.Debug|Any CPU.ActiveCfg = Debug|Any CPU
		{27786CC3-C5C4-454F-B8A4-C6ECDCF033B5}.Debug|Any CPU.Build.0 = Debug|Any CPU
		{27786CC3-C5C4-454F-B8A4-C6ECDCF033B5}.Release|Any CPU.ActiveCfg = Release|Any CPU
		{27786CC3-C5C4-454F-B8A4-C6ECDCF033B5}.Release|Any CPU.Build.0 = Release|Any CPU
		{D355DDAC-D3D5-4FD2-8D72-C00385ED5A87}.CheckIn|Any CPU.ActiveCfg = Debug|Any CPU
		{D355DDAC-D3D5-4FD2-8D72-C00385ED5A87}.CheckIn|Any CPU.Build.0 = Debug|Any CPU
		{D355DDAC-D3D5-4FD2-8D72-C00385ED5A87}.Debug|Any CPU.ActiveCfg = Debug|Any CPU
		{D355DDAC-D3D5-4FD2-8D72-C00385ED5A87}.Debug|Any CPU.Build.0 = Debug|Any CPU
		{D355DDAC-D3D5-4FD2-8D72-C00385ED5A87}.Release|Any CPU.ActiveCfg = Release|Any CPU
		{D355DDAC-D3D5-4FD2-8D72-C00385ED5A87}.Release|Any CPU.Build.0 = Release|Any CPU
		{7F580C8E-3753-4180-B695-ABA4E151E4D9}.CheckIn|Any CPU.ActiveCfg = Debug|Any CPU
		{7F580C8E-3753-4180-B695-ABA4E151E4D9}.CheckIn|Any CPU.Build.0 = Debug|Any CPU
		{7F580C8E-3753-4180-B695-ABA4E151E4D9}.Debug|Any CPU.ActiveCfg = Debug|Any CPU
		{7F580C8E-3753-4180-B695-ABA4E151E4D9}.Debug|Any CPU.Build.0 = Debug|Any CPU
		{7F580C8E-3753-4180-B695-ABA4E151E4D9}.Release|Any CPU.ActiveCfg = Release|Any CPU
		{7F580C8E-3753-4180-B695-ABA4E151E4D9}.Release|Any CPU.Build.0 = Release|Any CPU
		{76D83FB0-9962-4C9A-A899-F0DA267267C8}.CheckIn|Any CPU.ActiveCfg = Debug|Any CPU
		{76D83FB0-9962-4C9A-A899-F0DA267267C8}.CheckIn|Any CPU.Build.0 = Debug|Any CPU
		{76D83FB0-9962-4C9A-A899-F0DA267267C8}.Debug|Any CPU.ActiveCfg = Debug|Any CPU
		{76D83FB0-9962-4C9A-A899-F0DA267267C8}.Debug|Any CPU.Build.0 = Debug|Any CPU
		{76D83FB0-9962-4C9A-A899-F0DA267267C8}.Release|Any CPU.ActiveCfg = Release|Any CPU
		{76D83FB0-9962-4C9A-A899-F0DA267267C8}.Release|Any CPU.Build.0 = Release|Any CPU
		{D06EADB7-71A4-489A-95D1-01B22B771B22}.CheckIn|Any CPU.ActiveCfg = Debug|Any CPU
		{D06EADB7-71A4-489A-95D1-01B22B771B22}.CheckIn|Any CPU.Build.0 = Debug|Any CPU
		{D06EADB7-71A4-489A-95D1-01B22B771B22}.Debug|Any CPU.ActiveCfg = Debug|Any CPU
		{D06EADB7-71A4-489A-95D1-01B22B771B22}.Debug|Any CPU.Build.0 = Debug|Any CPU
		{D06EADB7-71A4-489A-95D1-01B22B771B22}.Release|Any CPU.ActiveCfg = Release|Any CPU
		{D06EADB7-71A4-489A-95D1-01B22B771B22}.Release|Any CPU.Build.0 = Release|Any CPU
		{D8EF23C6-AEDE-46EC-9E86-D7D109453008}.CheckIn|Any CPU.ActiveCfg = Debug|Any CPU
		{D8EF23C6-AEDE-46EC-9E86-D7D109453008}.CheckIn|Any CPU.Build.0 = Debug|Any CPU
		{D8EF23C6-AEDE-46EC-9E86-D7D109453008}.Debug|Any CPU.ActiveCfg = Debug|Any CPU
		{D8EF23C6-AEDE-46EC-9E86-D7D109453008}.Debug|Any CPU.Build.0 = Debug|Any CPU
		{D8EF23C6-AEDE-46EC-9E86-D7D109453008}.Release|Any CPU.ActiveCfg = Release|Any CPU
		{D8EF23C6-AEDE-46EC-9E86-D7D109453008}.Release|Any CPU.Build.0 = Release|Any CPU
		{8026A33F-61FB-4B60-A274-FC29713AB78E}.CheckIn|Any CPU.ActiveCfg = Debug|Any CPU
		{8026A33F-61FB-4B60-A274-FC29713AB78E}.CheckIn|Any CPU.Build.0 = Debug|Any CPU
		{8026A33F-61FB-4B60-A274-FC29713AB78E}.Debug|Any CPU.ActiveCfg = Debug|Any CPU
		{8026A33F-61FB-4B60-A274-FC29713AB78E}.Debug|Any CPU.Build.0 = Debug|Any CPU
		{8026A33F-61FB-4B60-A274-FC29713AB78E}.Release|Any CPU.ActiveCfg = Release|Any CPU
		{8026A33F-61FB-4B60-A274-FC29713AB78E}.Release|Any CPU.Build.0 = Release|Any CPU
		{B69E5290-AD72-44AE-AE21-8ABAE1318404}.CheckIn|Any CPU.ActiveCfg = Debug|Any CPU
		{B69E5290-AD72-44AE-AE21-8ABAE1318404}.CheckIn|Any CPU.Build.0 = Debug|Any CPU
		{B69E5290-AD72-44AE-AE21-8ABAE1318404}.Debug|Any CPU.ActiveCfg = Debug|Any CPU
		{B69E5290-AD72-44AE-AE21-8ABAE1318404}.Debug|Any CPU.Build.0 = Debug|Any CPU
		{B69E5290-AD72-44AE-AE21-8ABAE1318404}.Release|Any CPU.ActiveCfg = Release|Any CPU
		{B69E5290-AD72-44AE-AE21-8ABAE1318404}.Release|Any CPU.Build.0 = Release|Any CPU
		{7A6C19E6-00B0-4D0F-90B3-6819BDB61855}.CheckIn|Any CPU.ActiveCfg = Debug|Any CPU
		{7A6C19E6-00B0-4D0F-90B3-6819BDB61855}.CheckIn|Any CPU.Build.0 = Debug|Any CPU
		{7A6C19E6-00B0-4D0F-90B3-6819BDB61855}.Debug|Any CPU.ActiveCfg = Debug|Any CPU
		{7A6C19E6-00B0-4D0F-90B3-6819BDB61855}.Debug|Any CPU.Build.0 = Debug|Any CPU
		{7A6C19E6-00B0-4D0F-90B3-6819BDB61855}.Release|Any CPU.ActiveCfg = Release|Any CPU
		{7A6C19E6-00B0-4D0F-90B3-6819BDB61855}.Release|Any CPU.Build.0 = Release|Any CPU
		{57A95B15-FD43-4125-B63F-E18D63148DE5}.CheckIn|Any CPU.ActiveCfg = Debug|Any CPU
		{57A95B15-FD43-4125-B63F-E18D63148DE5}.CheckIn|Any CPU.Build.0 = Debug|Any CPU
		{57A95B15-FD43-4125-B63F-E18D63148DE5}.Debug|Any CPU.ActiveCfg = Debug|Any CPU
		{57A95B15-FD43-4125-B63F-E18D63148DE5}.Debug|Any CPU.Build.0 = Debug|Any CPU
		{57A95B15-FD43-4125-B63F-E18D63148DE5}.Release|Any CPU.ActiveCfg = Release|Any CPU
		{57A95B15-FD43-4125-B63F-E18D63148DE5}.Release|Any CPU.Build.0 = Release|Any CPU
		{A473773B-AE16-4AF1-A9CC-736E51D35DA2}.CheckIn|Any CPU.ActiveCfg = Debug|Any CPU
		{A473773B-AE16-4AF1-A9CC-736E51D35DA2}.CheckIn|Any CPU.Build.0 = Debug|Any CPU
		{A473773B-AE16-4AF1-A9CC-736E51D35DA2}.Debug|Any CPU.ActiveCfg = Debug|Any CPU
		{A473773B-AE16-4AF1-A9CC-736E51D35DA2}.Debug|Any CPU.Build.0 = Debug|Any CPU
		{A473773B-AE16-4AF1-A9CC-736E51D35DA2}.Release|Any CPU.ActiveCfg = Release|Any CPU
		{A473773B-AE16-4AF1-A9CC-736E51D35DA2}.Release|Any CPU.Build.0 = Release|Any CPU
		{F840850D-C607-4527-8401-D8FEFC4C706B}.CheckIn|Any CPU.ActiveCfg = Debug|Any CPU
		{F840850D-C607-4527-8401-D8FEFC4C706B}.CheckIn|Any CPU.Build.0 = Debug|Any CPU
		{F840850D-C607-4527-8401-D8FEFC4C706B}.Debug|Any CPU.ActiveCfg = Debug|Any CPU
		{F840850D-C607-4527-8401-D8FEFC4C706B}.Debug|Any CPU.Build.0 = Debug|Any CPU
		{F840850D-C607-4527-8401-D8FEFC4C706B}.Release|Any CPU.ActiveCfg = Release|Any CPU
		{F840850D-C607-4527-8401-D8FEFC4C706B}.Release|Any CPU.Build.0 = Release|Any CPU
		{00820761-BCB1-4011-B8E3-22398881D4C3}.CheckIn|Any CPU.ActiveCfg = Debug|Any CPU
		{00820761-BCB1-4011-B8E3-22398881D4C3}.CheckIn|Any CPU.Build.0 = Debug|Any CPU
		{00820761-BCB1-4011-B8E3-22398881D4C3}.Debug|Any CPU.ActiveCfg = Debug|Any CPU
		{00820761-BCB1-4011-B8E3-22398881D4C3}.Debug|Any CPU.Build.0 = Debug|Any CPU
		{00820761-BCB1-4011-B8E3-22398881D4C3}.Release|Any CPU.ActiveCfg = Release|Any CPU
		{00820761-BCB1-4011-B8E3-22398881D4C3}.Release|Any CPU.Build.0 = Release|Any CPU
		{B4436396-B97B-4FA9-A992-077EDF84C8F6}.CheckIn|Any CPU.ActiveCfg = Debug|Any CPU
		{B4436396-B97B-4FA9-A992-077EDF84C8F6}.CheckIn|Any CPU.Build.0 = Debug|Any CPU
		{B4436396-B97B-4FA9-A992-077EDF84C8F6}.Debug|Any CPU.ActiveCfg = Debug|Any CPU
		{B4436396-B97B-4FA9-A992-077EDF84C8F6}.Debug|Any CPU.Build.0 = Debug|Any CPU
		{B4436396-B97B-4FA9-A992-077EDF84C8F6}.Release|Any CPU.ActiveCfg = Release|Any CPU
		{B4436396-B97B-4FA9-A992-077EDF84C8F6}.Release|Any CPU.Build.0 = Release|Any CPU
		{F56AACF8-8BF7-42B5-9923-8B0895CBFD3A}.CheckIn|Any CPU.ActiveCfg = Debug|Any CPU
		{F56AACF8-8BF7-42B5-9923-8B0895CBFD3A}.CheckIn|Any CPU.Build.0 = Debug|Any CPU
		{F56AACF8-8BF7-42B5-9923-8B0895CBFD3A}.Debug|Any CPU.ActiveCfg = Debug|Any CPU
		{F56AACF8-8BF7-42B5-9923-8B0895CBFD3A}.Debug|Any CPU.Build.0 = Debug|Any CPU
		{F56AACF8-8BF7-42B5-9923-8B0895CBFD3A}.Release|Any CPU.ActiveCfg = Release|Any CPU
		{F56AACF8-8BF7-42B5-9923-8B0895CBFD3A}.Release|Any CPU.Build.0 = Release|Any CPU
		{4837D459-840A-45C1-8DEA-CB1C54E1C94E}.CheckIn|Any CPU.ActiveCfg = Debug|Any CPU
		{4837D459-840A-45C1-8DEA-CB1C54E1C94E}.CheckIn|Any CPU.Build.0 = Debug|Any CPU
		{4837D459-840A-45C1-8DEA-CB1C54E1C94E}.Debug|Any CPU.ActiveCfg = Debug|Any CPU
		{4837D459-840A-45C1-8DEA-CB1C54E1C94E}.Debug|Any CPU.Build.0 = Debug|Any CPU
		{4837D459-840A-45C1-8DEA-CB1C54E1C94E}.Release|Any CPU.ActiveCfg = Release|Any CPU
		{4837D459-840A-45C1-8DEA-CB1C54E1C94E}.Release|Any CPU.Build.0 = Release|Any CPU
		{BB1829FA-CE03-4850-B09F-C39668CCDCDF}.CheckIn|Any CPU.ActiveCfg = Debug|Any CPU
		{BB1829FA-CE03-4850-B09F-C39668CCDCDF}.CheckIn|Any CPU.Build.0 = Debug|Any CPU
		{BB1829FA-CE03-4850-B09F-C39668CCDCDF}.Debug|Any CPU.ActiveCfg = Debug|Any CPU
		{BB1829FA-CE03-4850-B09F-C39668CCDCDF}.Debug|Any CPU.Build.0 = Debug|Any CPU
		{BB1829FA-CE03-4850-B09F-C39668CCDCDF}.Release|Any CPU.ActiveCfg = Release|Any CPU
		{BB1829FA-CE03-4850-B09F-C39668CCDCDF}.Release|Any CPU.Build.0 = Release|Any CPU
		{B7B5FC64-AB99-4FFA-B297-E32046FCEF08}.CheckIn|Any CPU.ActiveCfg = Debug|Any CPU
		{B7B5FC64-AB99-4FFA-B297-E32046FCEF08}.CheckIn|Any CPU.Build.0 = Debug|Any CPU
		{B7B5FC64-AB99-4FFA-B297-E32046FCEF08}.Debug|Any CPU.ActiveCfg = Debug|Any CPU
		{B7B5FC64-AB99-4FFA-B297-E32046FCEF08}.Debug|Any CPU.Build.0 = Debug|Any CPU
		{B7B5FC64-AB99-4FFA-B297-E32046FCEF08}.Release|Any CPU.ActiveCfg = Release|Any CPU
		{B7B5FC64-AB99-4FFA-B297-E32046FCEF08}.Release|Any CPU.Build.0 = Release|Any CPU
		{B72DBD63-D4CB-4DDA-B5F8-3D2B5A7E7BC5}.CheckIn|Any CPU.ActiveCfg = Debug|Any CPU
		{B72DBD63-D4CB-4DDA-B5F8-3D2B5A7E7BC5}.CheckIn|Any CPU.Build.0 = Debug|Any CPU
		{B72DBD63-D4CB-4DDA-B5F8-3D2B5A7E7BC5}.Debug|Any CPU.ActiveCfg = Debug|Any CPU
		{B72DBD63-D4CB-4DDA-B5F8-3D2B5A7E7BC5}.Debug|Any CPU.Build.0 = Debug|Any CPU
		{B72DBD63-D4CB-4DDA-B5F8-3D2B5A7E7BC5}.Release|Any CPU.ActiveCfg = Release|Any CPU
		{B72DBD63-D4CB-4DDA-B5F8-3D2B5A7E7BC5}.Release|Any CPU.Build.0 = Release|Any CPU
		{D77D457B-34EF-4472-BDC2-DD50CC48BC96}.CheckIn|Any CPU.ActiveCfg = Debug|Any CPU
		{D77D457B-34EF-4472-BDC2-DD50CC48BC96}.CheckIn|Any CPU.Build.0 = Debug|Any CPU
		{D77D457B-34EF-4472-BDC2-DD50CC48BC96}.Debug|Any CPU.ActiveCfg = Debug|Any CPU
		{D77D457B-34EF-4472-BDC2-DD50CC48BC96}.Debug|Any CPU.Build.0 = Debug|Any CPU
		{D77D457B-34EF-4472-BDC2-DD50CC48BC96}.Release|Any CPU.ActiveCfg = Release|Any CPU
		{D77D457B-34EF-4472-BDC2-DD50CC48BC96}.Release|Any CPU.Build.0 = Release|Any CPU
		{7EBD5467-E1CB-47D5-9DB4-083FE65672E1}.CheckIn|Any CPU.ActiveCfg = Debug|Any CPU
		{7EBD5467-E1CB-47D5-9DB4-083FE65672E1}.CheckIn|Any CPU.Build.0 = Debug|Any CPU
		{7EBD5467-E1CB-47D5-9DB4-083FE65672E1}.Debug|Any CPU.ActiveCfg = Debug|Any CPU
		{7EBD5467-E1CB-47D5-9DB4-083FE65672E1}.Debug|Any CPU.Build.0 = Debug|Any CPU
		{7EBD5467-E1CB-47D5-9DB4-083FE65672E1}.Release|Any CPU.ActiveCfg = Release|Any CPU
		{7EBD5467-E1CB-47D5-9DB4-083FE65672E1}.Release|Any CPU.Build.0 = Release|Any CPU
		{098DF6A6-A560-4296-AAC0-2259C932F6E4}.CheckIn|Any CPU.ActiveCfg = Debug|Any CPU
		{098DF6A6-A560-4296-AAC0-2259C932F6E4}.CheckIn|Any CPU.Build.0 = Debug|Any CPU
		{098DF6A6-A560-4296-AAC0-2259C932F6E4}.Debug|Any CPU.ActiveCfg = Debug|Any CPU
		{098DF6A6-A560-4296-AAC0-2259C932F6E4}.Debug|Any CPU.Build.0 = Debug|Any CPU
		{098DF6A6-A560-4296-AAC0-2259C932F6E4}.Release|Any CPU.ActiveCfg = Release|Any CPU
		{098DF6A6-A560-4296-AAC0-2259C932F6E4}.Release|Any CPU.Build.0 = Release|Any CPU
		{EF38DF94-2255-4E20-B17C-824C2D43EDF4}.CheckIn|Any CPU.ActiveCfg = Debug|Any CPU
		{EF38DF94-2255-4E20-B17C-824C2D43EDF4}.CheckIn|Any CPU.Build.0 = Debug|Any CPU
		{EF38DF94-2255-4E20-B17C-824C2D43EDF4}.Debug|Any CPU.ActiveCfg = Debug|Any CPU
		{EF38DF94-2255-4E20-B17C-824C2D43EDF4}.Debug|Any CPU.Build.0 = Debug|Any CPU
		{EF38DF94-2255-4E20-B17C-824C2D43EDF4}.Release|Any CPU.ActiveCfg = Release|Any CPU
		{EF38DF94-2255-4E20-B17C-824C2D43EDF4}.Release|Any CPU.Build.0 = Release|Any CPU
		{010D0149-C6EA-46C8-BCC5-DA6701236C51}.CheckIn|Any CPU.ActiveCfg = Debug|Any CPU
		{010D0149-C6EA-46C8-BCC5-DA6701236C51}.CheckIn|Any CPU.Build.0 = Debug|Any CPU
		{010D0149-C6EA-46C8-BCC5-DA6701236C51}.Debug|Any CPU.ActiveCfg = Debug|Any CPU
		{010D0149-C6EA-46C8-BCC5-DA6701236C51}.Debug|Any CPU.Build.0 = Debug|Any CPU
		{010D0149-C6EA-46C8-BCC5-DA6701236C51}.Release|Any CPU.ActiveCfg = Release|Any CPU
		{010D0149-C6EA-46C8-BCC5-DA6701236C51}.Release|Any CPU.Build.0 = Release|Any CPU
		{8C362B16-E124-4413-8971-5CD9F0639559}.CheckIn|Any CPU.ActiveCfg = Debug|Any CPU
		{8C362B16-E124-4413-8971-5CD9F0639559}.CheckIn|Any CPU.Build.0 = Debug|Any CPU
		{8C362B16-E124-4413-8971-5CD9F0639559}.Debug|Any CPU.ActiveCfg = Debug|Any CPU
		{8C362B16-E124-4413-8971-5CD9F0639559}.Debug|Any CPU.Build.0 = Debug|Any CPU
		{8C362B16-E124-4413-8971-5CD9F0639559}.Release|Any CPU.ActiveCfg = Release|Any CPU
		{8C362B16-E124-4413-8971-5CD9F0639559}.Release|Any CPU.Build.0 = Release|Any CPU
		{A3EF23C7-F491-4F10-A0D4-5B4166982200}.CheckIn|Any CPU.ActiveCfg = Debug|Any CPU
		{A3EF23C7-F491-4F10-A0D4-5B4166982200}.CheckIn|Any CPU.Build.0 = Debug|Any CPU
		{A3EF23C7-F491-4F10-A0D4-5B4166982200}.Debug|Any CPU.ActiveCfg = Debug|Any CPU
		{A3EF23C7-F491-4F10-A0D4-5B4166982200}.Debug|Any CPU.Build.0 = Debug|Any CPU
		{A3EF23C7-F491-4F10-A0D4-5B4166982200}.Release|Any CPU.ActiveCfg = Release|Any CPU
		{A3EF23C7-F491-4F10-A0D4-5B4166982200}.Release|Any CPU.Build.0 = Release|Any CPU
		{35C1B2D9-DC4A-4B88-95F9-248A66D7822E}.CheckIn|Any CPU.ActiveCfg = Debug|Any CPU
		{35C1B2D9-DC4A-4B88-95F9-248A66D7822E}.CheckIn|Any CPU.Build.0 = Debug|Any CPU
		{35C1B2D9-DC4A-4B88-95F9-248A66D7822E}.Debug|Any CPU.ActiveCfg = Debug|Any CPU
		{35C1B2D9-DC4A-4B88-95F9-248A66D7822E}.Debug|Any CPU.Build.0 = Debug|Any CPU
		{35C1B2D9-DC4A-4B88-95F9-248A66D7822E}.Release|Any CPU.ActiveCfg = Release|Any CPU
		{35C1B2D9-DC4A-4B88-95F9-248A66D7822E}.Release|Any CPU.Build.0 = Release|Any CPU
		{ED779645-6F11-46DF-9F73-A2C010E91757}.CheckIn|Any CPU.ActiveCfg = Debug|Any CPU
		{ED779645-6F11-46DF-9F73-A2C010E91757}.CheckIn|Any CPU.Build.0 = Debug|Any CPU
		{ED779645-6F11-46DF-9F73-A2C010E91757}.Debug|Any CPU.ActiveCfg = Debug|Any CPU
		{ED779645-6F11-46DF-9F73-A2C010E91757}.Debug|Any CPU.Build.0 = Debug|Any CPU
		{ED779645-6F11-46DF-9F73-A2C010E91757}.Release|Any CPU.ActiveCfg = Release|Any CPU
		{ED779645-6F11-46DF-9F73-A2C010E91757}.Release|Any CPU.Build.0 = Release|Any CPU
		{675F9F8B-B9B7-4355-8C6D-0E830D9ED1F0}.CheckIn|Any CPU.ActiveCfg = Debug|Any CPU
		{675F9F8B-B9B7-4355-8C6D-0E830D9ED1F0}.CheckIn|Any CPU.Build.0 = Debug|Any CPU
		{675F9F8B-B9B7-4355-8C6D-0E830D9ED1F0}.Debug|Any CPU.ActiveCfg = Debug|Any CPU
		{675F9F8B-B9B7-4355-8C6D-0E830D9ED1F0}.Debug|Any CPU.Build.0 = Debug|Any CPU
		{675F9F8B-B9B7-4355-8C6D-0E830D9ED1F0}.Release|Any CPU.ActiveCfg = Release|Any CPU
		{675F9F8B-B9B7-4355-8C6D-0E830D9ED1F0}.Release|Any CPU.Build.0 = Release|Any CPU
		{751B58DA-9048-464A-A3A6-9EF8F339E7FE}.CheckIn|Any CPU.ActiveCfg = Debug|Any CPU
		{751B58DA-9048-464A-A3A6-9EF8F339E7FE}.CheckIn|Any CPU.Build.0 = Debug|Any CPU
		{751B58DA-9048-464A-A3A6-9EF8F339E7FE}.Debug|Any CPU.ActiveCfg = Debug|Any CPU
		{751B58DA-9048-464A-A3A6-9EF8F339E7FE}.Debug|Any CPU.Build.0 = Debug|Any CPU
		{751B58DA-9048-464A-A3A6-9EF8F339E7FE}.Release|Any CPU.ActiveCfg = Release|Any CPU
		{751B58DA-9048-464A-A3A6-9EF8F339E7FE}.Release|Any CPU.Build.0 = Release|Any CPU
		{89FCAB04-5E68-48A4-9C3E-CA93B747FDB7}.CheckIn|Any CPU.ActiveCfg = Debug|Any CPU
		{89FCAB04-5E68-48A4-9C3E-CA93B747FDB7}.CheckIn|Any CPU.Build.0 = Debug|Any CPU
		{89FCAB04-5E68-48A4-9C3E-CA93B747FDB7}.Debug|Any CPU.ActiveCfg = Debug|Any CPU
		{89FCAB04-5E68-48A4-9C3E-CA93B747FDB7}.Debug|Any CPU.Build.0 = Debug|Any CPU
		{89FCAB04-5E68-48A4-9C3E-CA93B747FDB7}.Release|Any CPU.ActiveCfg = Release|Any CPU
		{89FCAB04-5E68-48A4-9C3E-CA93B747FDB7}.Release|Any CPU.Build.0 = Release|Any CPU
		{B4B7A79F-ACD8-48AF-ACE6-B534EFD3A660}.CheckIn|Any CPU.ActiveCfg = Debug|Any CPU
		{B4B7A79F-ACD8-48AF-ACE6-B534EFD3A660}.CheckIn|Any CPU.Build.0 = Debug|Any CPU
		{B4B7A79F-ACD8-48AF-ACE6-B534EFD3A660}.Debug|Any CPU.ActiveCfg = Debug|Any CPU
		{B4B7A79F-ACD8-48AF-ACE6-B534EFD3A660}.Debug|Any CPU.Build.0 = Debug|Any CPU
		{B4B7A79F-ACD8-48AF-ACE6-B534EFD3A660}.Release|Any CPU.ActiveCfg = Release|Any CPU
		{B4B7A79F-ACD8-48AF-ACE6-B534EFD3A660}.Release|Any CPU.Build.0 = Release|Any CPU
		{D87C1138-BC69-41DB-91EF-38105E4BBCED}.CheckIn|Any CPU.ActiveCfg = Debug|Any CPU
		{D87C1138-BC69-41DB-91EF-38105E4BBCED}.CheckIn|Any CPU.Build.0 = Debug|Any CPU
		{D87C1138-BC69-41DB-91EF-38105E4BBCED}.Debug|Any CPU.ActiveCfg = Debug|Any CPU
		{D87C1138-BC69-41DB-91EF-38105E4BBCED}.Debug|Any CPU.Build.0 = Debug|Any CPU
		{D87C1138-BC69-41DB-91EF-38105E4BBCED}.Release|Any CPU.ActiveCfg = Release|Any CPU
		{D87C1138-BC69-41DB-91EF-38105E4BBCED}.Release|Any CPU.Build.0 = Release|Any CPU
		{73C0EB11-3BFF-445C-A26E-43B6310ACB2F}.CheckIn|Any CPU.ActiveCfg = Debug|Any CPU
		{73C0EB11-3BFF-445C-A26E-43B6310ACB2F}.CheckIn|Any CPU.Build.0 = Debug|Any CPU
		{73C0EB11-3BFF-445C-A26E-43B6310ACB2F}.Debug|Any CPU.ActiveCfg = Debug|Any CPU
		{73C0EB11-3BFF-445C-A26E-43B6310ACB2F}.Debug|Any CPU.Build.0 = Debug|Any CPU
		{73C0EB11-3BFF-445C-A26E-43B6310ACB2F}.Release|Any CPU.ActiveCfg = Release|Any CPU
		{73C0EB11-3BFF-445C-A26E-43B6310ACB2F}.Release|Any CPU.Build.0 = Release|Any CPU
		{E77E0F14-71C5-4989-9136-5B6045A5188F}.CheckIn|Any CPU.ActiveCfg = Debug|Any CPU
		{E77E0F14-71C5-4989-9136-5B6045A5188F}.CheckIn|Any CPU.Build.0 = Debug|Any CPU
		{E77E0F14-71C5-4989-9136-5B6045A5188F}.Debug|Any CPU.ActiveCfg = Debug|Any CPU
		{E77E0F14-71C5-4989-9136-5B6045A5188F}.Debug|Any CPU.Build.0 = Debug|Any CPU
		{E77E0F14-71C5-4989-9136-5B6045A5188F}.Release|Any CPU.ActiveCfg = Release|Any CPU
		{E77E0F14-71C5-4989-9136-5B6045A5188F}.Release|Any CPU.Build.0 = Release|Any CPU
	EndGlobalSection
	GlobalSection(SolutionProperties) = preSolution
		HideSolutionNode = FALSE
	EndGlobalSection
	GlobalSection(NestedProjects) = preSolution
		{5D69E0ED-3F4F-40D8-8B5D-56981BE9EF7C} = {6DC6AC11-C00F-4CE5-8B9B-DE7FF88AC560}
		{6DC6AC11-C00F-4CE5-8B9B-DE7FF88AC560} = {8C1AC801-BEEF-409D-B2CD-36C51651B131}
		{3378C4CB-0452-48CD-B06B-A9324D070E1E} = {6DC6AC11-C00F-4CE5-8B9B-DE7FF88AC560}
		{7D952038-83FC-4AEA-B2D2-A1AAD6CA60E8} = {8C1AC801-BEEF-409D-B2CD-36C51651B131}
		{166FBE7B-9A49-4C22-8698-34FCAA882E4F} = {8C1AC801-BEEF-409D-B2CD-36C51651B131}
		{53273074-CD46-4B8C-9D0D-AF80E6A8E974} = {8C1AC801-BEEF-409D-B2CD-36C51651B131}
		{58DCE8A3-D770-45BC-97D5-0141C85C6BED} = {8C1AC801-BEEF-409D-B2CD-36C51651B131}
		{11F3BAD4-4A60-43E6-9412-88482816F3E7} = {8C1AC801-BEEF-409D-B2CD-36C51651B131}
		{37F9C140-513F-4733-9F4C-C126979592E0} = {8C1AC801-BEEF-409D-B2CD-36C51651B131}
		{F1F472A4-28A3-4AF5-9D67-FE8C1D4C3D38} = {3ABFF667-5DE2-48F6-95CA-4567761F8B4F}
		{EE228A2E-F958-4AC8-82AB-AFC4FAB5A77B} = {3ABFF667-5DE2-48F6-95CA-4567761F8B4F}
		{1C5A5062-6EF7-40CA-A1D9-AC3C0D935B81} = {3ABFF667-5DE2-48F6-95CA-4567761F8B4F}
		{A6F8C101-3D58-4771-96E9-281E120725AC} = {3ABFF667-5DE2-48F6-95CA-4567761F8B4F}
		{6B6551C8-2325-41A1-8FDE-0FD9B6801B92} = {3ABFF667-5DE2-48F6-95CA-4567761F8B4F}
		{416F6501-5EE8-4B79-A4F0-7DB26EE325E9} = {3ABFF667-5DE2-48F6-95CA-4567761F8B4F}
		{C90C66CC-4D52-4AD0-AFB1-234A9E302E45} = {3ABFF667-5DE2-48F6-95CA-4567761F8B4F}
		{DAACB67E-D396-4882-906F-5E3739D8DD53} = {3ABFF667-5DE2-48F6-95CA-4567761F8B4F}
		{27786CC3-C5C4-454F-B8A4-C6ECDCF033B5} = {3ABFF667-5DE2-48F6-95CA-4567761F8B4F}
		{D355DDAC-D3D5-4FD2-8D72-C00385ED5A87} = {3ABFF667-5DE2-48F6-95CA-4567761F8B4F}
		{7F580C8E-3753-4180-B695-ABA4E151E4D9} = {3ABFF667-5DE2-48F6-95CA-4567761F8B4F}
		{76D83FB0-9962-4C9A-A899-F0DA267267C8} = {3ABFF667-5DE2-48F6-95CA-4567761F8B4F}
		{D06EADB7-71A4-489A-95D1-01B22B771B22} = {3ABFF667-5DE2-48F6-95CA-4567761F8B4F}
		{D8EF23C6-AEDE-46EC-9E86-D7D109453008} = {3ABFF667-5DE2-48F6-95CA-4567761F8B4F}
		{8026A33F-61FB-4B60-A274-FC29713AB78E} = {3ABFF667-5DE2-48F6-95CA-4567761F8B4F}
		{B69E5290-AD72-44AE-AE21-8ABAE1318404} = {3ABFF667-5DE2-48F6-95CA-4567761F8B4F}
		{7A6C19E6-00B0-4D0F-90B3-6819BDB61855} = {3ABFF667-5DE2-48F6-95CA-4567761F8B4F}
		{57A95B15-FD43-4125-B63F-E18D63148DE5} = {3ABFF667-5DE2-48F6-95CA-4567761F8B4F}
		{A473773B-AE16-4AF1-A9CC-736E51D35DA2} = {3ABFF667-5DE2-48F6-95CA-4567761F8B4F}
		{F840850D-C607-4527-8401-D8FEFC4C706B} = {3ABFF667-5DE2-48F6-95CA-4567761F8B4F}
		{00820761-BCB1-4011-B8E3-22398881D4C3} = {3ABFF667-5DE2-48F6-95CA-4567761F8B4F}
		{B4436396-B97B-4FA9-A992-077EDF84C8F6} = {3ABFF667-5DE2-48F6-95CA-4567761F8B4F}
		{F56AACF8-8BF7-42B5-9923-8B0895CBFD3A} = {3ABFF667-5DE2-48F6-95CA-4567761F8B4F}
		{4837D459-840A-45C1-8DEA-CB1C54E1C94E} = {3ABFF667-5DE2-48F6-95CA-4567761F8B4F}
		{BB1829FA-CE03-4850-B09F-C39668CCDCDF} = {3ABFF667-5DE2-48F6-95CA-4567761F8B4F}
		{B7B5FC64-AB99-4FFA-B297-E32046FCEF08} = {E5B10A4E-4AF3-4C7C-902E-748A856C4FA0}
		{B72DBD63-D4CB-4DDA-B5F8-3D2B5A7E7BC5} = {E5B10A4E-4AF3-4C7C-902E-748A856C4FA0}
		{D77D457B-34EF-4472-BDC2-DD50CC48BC96} = {E5B10A4E-4AF3-4C7C-902E-748A856C4FA0}
		{7EBD5467-E1CB-47D5-9DB4-083FE65672E1} = {E5B10A4E-4AF3-4C7C-902E-748A856C4FA0}
		{098DF6A6-A560-4296-AAC0-2259C932F6E4} = {E5B10A4E-4AF3-4C7C-902E-748A856C4FA0}
		{EF38DF94-2255-4E20-B17C-824C2D43EDF4} = {E5B10A4E-4AF3-4C7C-902E-748A856C4FA0}
		{010D0149-C6EA-46C8-BCC5-DA6701236C51} = {E5B10A4E-4AF3-4C7C-902E-748A856C4FA0}
		{8C362B16-E124-4413-8971-5CD9F0639559} = {E5B10A4E-4AF3-4C7C-902E-748A856C4FA0}
		{A3EF23C7-F491-4F10-A0D4-5B4166982200} = {E5B10A4E-4AF3-4C7C-902E-748A856C4FA0}
		{35C1B2D9-DC4A-4B88-95F9-248A66D7822E} = {E5B10A4E-4AF3-4C7C-902E-748A856C4FA0}
		{ED779645-6F11-46DF-9F73-A2C010E91757} = {E5B10A4E-4AF3-4C7C-902E-748A856C4FA0}
		{675F9F8B-B9B7-4355-8C6D-0E830D9ED1F0} = {55F76A07-9E5F-49CC-B717-6C1B1A931A8F}
		{751B58DA-9048-464A-A3A6-9EF8F339E7FE} = {55F76A07-9E5F-49CC-B717-6C1B1A931A8F}
		{89FCAB04-5E68-48A4-9C3E-CA93B747FDB7} = {55F76A07-9E5F-49CC-B717-6C1B1A931A8F}
		{B4B7A79F-ACD8-48AF-ACE6-B534EFD3A660} = {55F76A07-9E5F-49CC-B717-6C1B1A931A8F}
		{D87C1138-BC69-41DB-91EF-38105E4BBCED} = {76403FED-D7B0-4851-82F9-35127FB4B186}
		{73C0EB11-3BFF-445C-A26E-43B6310ACB2F} = {76403FED-D7B0-4851-82F9-35127FB4B186}
		{E77E0F14-71C5-4989-9136-5B6045A5188F} = {76403FED-D7B0-4851-82F9-35127FB4B186}
	EndGlobalSection
	GlobalSection(ExtensibilityGlobals) = postSolution
		SolutionGuid = {2DA54F17-3234-48CF-8920-16381629C1B3}
	EndGlobalSection
EndGlobal
